// !$*UTF8*$!
{
	archiveVersion = 1;
	classes = {
	};
	objectVersion = 46;
	objects = {

/* Begin PBXBuildFile section */
		72A04767DBC8A062553E321A /* Pods_CryptoSDKCocoaPodsExample.framework in Frameworks */ = {isa = PBXBuildFile; fileRef = F8BBB09B8511C95400ABF184 /* Pods_CryptoSDKCocoaPodsExample.framework */; };
		BF_2A3DB376611EA6492727CF309BFC1818 /* Assets.xcassets in Resources */ = {isa = PBXBuildFile; fileRef = FR_C91A454FE66D4EE211E658B4F55C0C32 /* Assets.xcassets */; };
		BF_49708C2C3990D1019D616A6F754A0A20 /* AppDelegate.swift in Sources */ = {isa = PBXBuildFile; fileRef = FR_774574863D7ADD3BF28A4BF6CD1FEA2D /* AppDelegate.swift */; };
		BF_4ADA174B1C9D24395A81DE634E190A3D /* LaunchScreen.storyboard in Resources */ = {isa = PBXBuildFile; fileRef = VG_CEAAD483280E5E0E468ACE14AC55D360 /* LaunchScreen.storyboard */; };
		BF_92740055C2D50589E78C87013900AF21 /* Main.storyboard in Resources */ = {isa = PBXBuildFile; fileRef = FR_2A410707E60506705DD256F166D6D791 /* Main.storyboard */; };
		BF_F039CEA577F59F4215D12A7CEBF9F455 /* ViewController.swift in Sources */ = {isa = PBXBuildFile; fileRef = FR_493A73CF55D287A69B03D7C8EDCCE00B /* ViewController.swift */; };
/* End PBXBuildFile section */

/* Begin PBXFileReference section */
		0C387F19FF7AFDB58FFE02FE /* Pods-CryptoSDKCocoaPodsExample.debug.xcconfig */ = {isa = PBXFileReference; includeInIndex = 1; lastKnownFileType = text.xcconfig; name = "Pods-CryptoSDKCocoaPodsExample.debug.xcconfig"; path = "Pods/Target Support Files/Pods-CryptoSDKCocoaPodsExample/Pods-CryptoSDKCocoaPodsExample.debug.xcconfig"; sourceTree = "<group>"; };
		9CA18B40556EFECABB86BD59 /* Pods-CryptoSDKCocoaPodsExample.release.xcconfig */ = {isa = PBXFileReference; includeInIndex = 1; lastKnownFileType = text.xcconfig; name = "Pods-CryptoSDKCocoaPodsExample.release.xcconfig"; path = "Pods/Target Support Files/Pods-CryptoSDKCocoaPodsExample/Pods-CryptoSDKCocoaPodsExample.release.xcconfig"; sourceTree = "<group>"; };
		F8BBB09B8511C95400ABF184 /* Pods_CryptoSDKCocoaPodsExample.framework */ = {isa = PBXFileReference; explicitFileType = wrapper.framework; includeInIndex = 0; path = Pods_CryptoSDKCocoaPodsExample.framework; sourceTree = BUILT_PRODUCTS_DIR; };
		FR_234DF7B3E9BB2B912BAD412A7BC318F3 /* CryptoSDKCocoaPodsExample.app */ = {isa = PBXFileReference; includeInIndex = 0; lastKnownFileType = wrapper.application; path = CryptoSDKCocoaPodsExample.app; sourceTree = BUILT_PRODUCTS_DIR; };
		FR_2A410707E60506705DD256F166D6D791 /* Main.storyboard */ = {isa = PBXFileReference; lastKnownFileType = file.storyboard; path = Main.storyboard; sourceTree = "<group>"; };
		FR_493A73CF55D287A69B03D7C8EDCCE00B /* ViewController.swift */ = {isa = PBXFileReference; lastKnownFileType = sourcecode.swift; path = ViewController.swift; sourceTree = "<group>"; };
		FR_774574863D7ADD3BF28A4BF6CD1FEA2D /* AppDelegate.swift */ = {isa = PBXFileReference; lastKnownFileType = sourcecode.swift; path = AppDelegate.swift; sourceTree = "<group>"; };
		FR_C5E8AD6027EBC5193B409A7197B2AFC8 /* Base */ = {isa = PBXFileReference; lastKnownFileType = file.storyboard; name = Base; path = Base.lproj/LaunchScreen.storyboard; sourceTree = "<group>"; };
		FR_C91A454FE66D4EE211E658B4F55C0C32 /* Assets.xcassets */ = {isa = PBXFileReference; lastKnownFileType = folder.assetcatalog; path = Assets.xcassets; sourceTree = "<group>"; };
		FR_C9496269A781499D8BB99ED9248A1486 /* Info.plist */ = {isa = PBXFileReference; lastKnownFileType = text.plist.xml; path = Info.plist; sourceTree = "<group>"; };
/* End PBXFileReference section */

/* Begin PBXFrameworksBuildPhase section */
		9E01777051E2E1F7D328D5FA /* Frameworks */ = {
			isa = PBXFrameworksBuildPhase;
			buildActionMask = 2147483647;
			files = (
				72A04767DBC8A062553E321A /* Pods_CryptoSDKCocoaPodsExample.framework in Frameworks */,
			);
			runOnlyForDeploymentPostprocessing = 0;
		};
/* End PBXFrameworksBuildPhase section */

/* Begin PBXGroup section */
		6C5CE8B60018563E2DE34A22 /* Pods */ = {
			isa = PBXGroup;
			children = (
				0C387F19FF7AFDB58FFE02FE /* Pods-CryptoSDKCocoaPodsExample.debug.xcconfig */,
				9CA18B40556EFECABB86BD59 /* Pods-CryptoSDKCocoaPodsExample.release.xcconfig */,
			);
			name = Pods;
			sourceTree = "<group>";
		};
		F98616780320CF1859B3038A /* Frameworks */ = {
			isa = PBXGroup;
			children = (
				F8BBB09B8511C95400ABF184 /* Pods_CryptoSDKCocoaPodsExample.framework */,
			);
			name = Frameworks;
			sourceTree = "<group>";
		};
		G_4AAC51F69E291401FA62ED0EF36F921A = {
			isa = PBXGroup;
			children = (
				G_DFF1B2DE71605EA014FFC142AAD74071 /* Sources */,
				G_7EFA382F4100A20DDCA5C26FE7EE9A8B /* Supporting Files */,
				G_C45D848242B53AB9EA1394A085B39E2F /* Products */,
				6C5CE8B60018563E2DE34A22 /* Pods */,
				F98616780320CF1859B3038A /* Frameworks */,
			);
			sourceTree = "<group>";
		};
		G_7EFA382F4100A20DDCA5C26FE7EE9A8B /* Supporting Files */ = {
			isa = PBXGroup;
			children = (
				FR_C91A454FE66D4EE211E658B4F55C0C32 /* Assets.xcassets */,
				FR_C9496269A781499D8BB99ED9248A1486 /* Info.plist */,
				VG_CEAAD483280E5E0E468ACE14AC55D360 /* LaunchScreen.storyboard */,
				FR_2A410707E60506705DD256F166D6D791 /* Main.storyboard */,
			);
			path = "Supporting Files";
			sourceTree = "<group>";
		};
		G_C45D848242B53AB9EA1394A085B39E2F /* Products */ = {
			isa = PBXGroup;
			children = (
				FR_234DF7B3E9BB2B912BAD412A7BC318F3 /* CryptoSDKCocoaPodsExample.app */,
			);
			name = Products;
			sourceTree = "<group>";
		};
		G_DFF1B2DE71605EA014FFC142AAD74071 /* Sources */ = {
			isa = PBXGroup;
			children = (
				FR_774574863D7ADD3BF28A4BF6CD1FEA2D /* AppDelegate.swift */,
				FR_493A73CF55D287A69B03D7C8EDCCE00B /* ViewController.swift */,
			);
			path = Sources;
			sourceTree = "<group>";
		};
/* End PBXGroup section */

/* Begin PBXNativeTarget section */
		NT_3B04477A593E3B11CB4F67BE1CF10E13 /* CryptoSDKCocoaPodsExample */ = {
			isa = PBXNativeTarget;
			buildConfigurationList = CL_EAA1CB7C26E9BD0484D24CE7F8BCEF50 /* Build configuration list for PBXNativeTarget "CryptoSDKCocoaPodsExample" */;
			buildPhases = (
				7314B82693CBA528083C5F67 /* [CP] Check Pods Manifest.lock */,
				SBP_70B729CAC5E3EE611B8DDF2B5FDBB005 /* Sources */,
				RBP_A272A69F66F44BAF1E42A32DC6958C77 /* Resources */,
				9E01777051E2E1F7D328D5FA /* Frameworks */,
				889EE170A5FDA2092FD31821 /* [CP] Embed Pods Frameworks */,
			);
			buildRules = (
			);
			dependencies = (
			);
			name = CryptoSDKCocoaPodsExample;
			productName = CryptoSDKCocoaPodsExample;
			productReference = FR_234DF7B3E9BB2B912BAD412A7BC318F3 /* CryptoSDKCocoaPodsExample.app */;
			productType = "com.apple.product-type.application";
		};
/* End PBXNativeTarget section */

/* Begin PBXProject section */
		P_D87D308224189A7C3F3BF79D9D1915D4 /* Project object */ = {
			isa = PBXProject;
			attributes = {
				LastUpgradeCheck = 1000;
			};
			buildConfigurationList = CL_0D4D43F39B635FC2165D472A0BECFDA6 /* Build configuration list for PBXProject "CryptoSDKCocoaPodsExample" */;
			compatibilityVersion = "Xcode 3.2";
			developmentRegion = en;
			hasScannedForEncodings = 0;
			knownRegions = (
				Base,
			);
			mainGroup = G_4AAC51F69E291401FA62ED0EF36F921A;
			productRefGroup = G_C45D848242B53AB9EA1394A085B39E2F /* Products */;
			projectDirPath = "";
			projectRoot = "";
			targets = (
				NT_3B04477A593E3B11CB4F67BE1CF10E13 /* CryptoSDKCocoaPodsExample */,
			);
		};
/* End PBXProject section */

/* Begin PBXResourcesBuildPhase section */
		RBP_A272A69F66F44BAF1E42A32DC6958C77 /* Resources */ = {
			isa = PBXResourcesBuildPhase;
			buildActionMask = 2147483647;
			files = (
				BF_2A3DB376611EA6492727CF309BFC1818 /* Assets.xcassets in Resources */,
				BF_4ADA174B1C9D24395A81DE634E190A3D /* LaunchScreen.storyboard in Resources */,
				BF_92740055C2D50589E78C87013900AF21 /* Main.storyboard in Resources */,
			);
			runOnlyForDeploymentPostprocessing = 0;
		};
/* End PBXResourcesBuildPhase section */

/* Begin PBXShellScriptBuildPhase section */
		7314B82693CBA528083C5F67 /* [CP] Check Pods Manifest.lock */ = {
			isa = PBXShellScriptBuildPhase;
			buildActionMask = 2147483647;
			files = (
			);
			inputPaths = (
				"${PODS_PODFILE_DIR_PATH}/Podfile.lock",
				"${PODS_ROOT}/Manifest.lock",
			);
			name = "[CP] Check Pods Manifest.lock";
			outputPaths = (
				"$(DERIVED_FILE_DIR)/Pods-CryptoSDKCocoaPodsExample-checkManifestLockResult.txt",
			);
			runOnlyForDeploymentPostprocessing = 0;
			shellPath = /bin/sh;
			shellScript = "diff \"${PODS_PODFILE_DIR_PATH}/Podfile.lock\" \"${PODS_ROOT}/Manifest.lock\" > /dev/null\nif [ $? != 0 ] ; then\n    # print error to STDERR\n    echo \"error: The sandbox is not in sync with the Podfile.lock. Run 'pod install' or update your CocoaPods installation.\" >&2\n    exit 1\nfi\n# This output is used by Xcode 'outputs' to avoid re-running this script phase.\necho \"SUCCESS\" > \"${SCRIPT_OUTPUT_FILE_0}\"\n";
			showEnvVarsInLog = 0;
		};
		889EE170A5FDA2092FD31821 /* [CP] Embed Pods Frameworks */ = {
			isa = PBXShellScriptBuildPhase;
			buildActionMask = 2147483647;
			files = (
			);
			inputPaths = (
				"${SRCROOT}/Pods/Target Support Files/Pods-CryptoSDKCocoaPodsExample/Pods-CryptoSDKCocoaPodsExample-frameworks.sh",
				"${BUILT_PRODUCTS_DIR}/DRACOON-Crypto-SDK/crypto_sdk.framework",
			);
			name = "[CP] Embed Pods Frameworks";
			outputPaths = (
				"${TARGET_BUILD_DIR}/${FRAMEWORKS_FOLDER_PATH}/crypto_sdk.framework",
			);
			runOnlyForDeploymentPostprocessing = 0;
			shellPath = /bin/sh;
			shellScript = "\"${SRCROOT}/Pods/Target Support Files/Pods-CryptoSDKCocoaPodsExample/Pods-CryptoSDKCocoaPodsExample-frameworks.sh\"\n";
			showEnvVarsInLog = 0;
		};
/* End PBXShellScriptBuildPhase section */

/* Begin PBXSourcesBuildPhase section */
		SBP_70B729CAC5E3EE611B8DDF2B5FDBB005 /* Sources */ = {
			isa = PBXSourcesBuildPhase;
			buildActionMask = 2147483647;
			files = (
				BF_49708C2C3990D1019D616A6F754A0A20 /* AppDelegate.swift in Sources */,
				BF_F039CEA577F59F4215D12A7CEBF9F455 /* ViewController.swift in Sources */,
			);
			runOnlyForDeploymentPostprocessing = 0;
		};
/* End PBXSourcesBuildPhase section */

/* Begin PBXVariantGroup section */
		VG_CEAAD483280E5E0E468ACE14AC55D360 /* LaunchScreen.storyboard */ = {
			isa = PBXVariantGroup;
			children = (
				FR_C5E8AD6027EBC5193B409A7197B2AFC8 /* Base */,
			);
			name = LaunchScreen.storyboard;
			sourceTree = "<group>";
		};
/* End PBXVariantGroup section */

/* Begin XCBuildConfiguration section */
		BC_029BF53905770270CBEB1178E2477B2C /* Debug */ = {
			isa = XCBuildConfiguration;
			baseConfigurationReference = 0C387F19FF7AFDB58FFE02FE /* Pods-CryptoSDKCocoaPodsExample.debug.xcconfig */;
			buildSettings = {
				ALWAYS_EMBED_SWIFT_STANDARD_LIBRARIES = "$(inherited)";
				ASSETCATALOG_COMPILER_APPICON_NAME = AppIcon;
				CODE_SIGN_IDENTITY = "iPhone Developer";
				INFOPLIST_FILE = "Supporting Files/Info.plist";
				IPHONEOS_DEPLOYMENT_TARGET = 9.3;
				LD_RUNPATH_SEARCH_PATHS = "$(inherited) @executable_path/Frameworks";
				PRODUCT_BUNDLE_IDENTIFIER = "com.dracoon.crypto-example.CryptoSDKCocoaPodsExample";
				SDKROOT = iphoneos;
				TARGETED_DEVICE_FAMILY = "1,2";
			};
			name = Debug;
		};
		BC_163DC544DC9F51630E6B0854B5C3A6FD /* Release */ = {
			isa = XCBuildConfiguration;
			buildSettings = {
				ALWAYS_SEARCH_USER_PATHS = NO;
				CLANG_ANALYZER_NONNULL = YES;
				CLANG_ANALYZER_NUMBER_OBJECT_CONVERSION = YES_AGGRESSIVE;
				CLANG_CXX_LANGUAGE_STANDARD = "gnu++14";
				CLANG_CXX_LIBRARY = "libc++";
				CLANG_ENABLE_MODULES = YES;
				CLANG_ENABLE_OBJC_ARC = YES;
				CLANG_WARN_BLOCK_CAPTURE_AUTORELEASING = YES;
				CLANG_WARN_BOOL_CONVERSION = YES;
				CLANG_WARN_COMMA = YES;
				CLANG_WARN_CONSTANT_CONVERSION = YES;
				CLANG_WARN_DEPRECATED_OBJC_IMPLEMENTATIONS = YES;
				CLANG_WARN_DIRECT_OBJC_ISA_USAGE = YES_ERROR;
				CLANG_WARN_DOCUMENTATION_COMMENTS = YES;
				CLANG_WARN_EMPTY_BODY = YES;
				CLANG_WARN_ENUM_CONVERSION = YES;
				CLANG_WARN_INFINITE_RECURSION = YES;
				CLANG_WARN_INT_CONVERSION = YES;
				CLANG_WARN_NON_LITERAL_NULL_CONVERSION = YES;
				CLANG_WARN_OBJC_IMPLICIT_RETAIN_SELF = YES;
				CLANG_WARN_OBJC_LITERAL_CONVERSION = YES;
				CLANG_WARN_OBJC_ROOT_CLASS = YES_ERROR;
				CLANG_WARN_RANGE_LOOP_ANALYSIS = YES;
				CLANG_WARN_STRICT_PROTOTYPES = YES;
				CLANG_WARN_SUSPICIOUS_MOVE = YES;
				CLANG_WARN_UNGUARDED_AVAILABILITY = YES_AGGRESSIVE;
				CLANG_WARN_UNREACHABLE_CODE = YES;
				CLANG_WARN__DUPLICATE_METHOD_MATCH = YES;
				COPY_PHASE_STRIP = NO;
				DEBUG_INFORMATION_FORMAT = "dwarf-with-dsym";
				ENABLE_NS_ASSERTIONS = NO;
				ENABLE_STRICT_OBJC_MSGSEND = YES;
				GCC_C_LANGUAGE_STANDARD = gnu11;
				GCC_NO_COMMON_BLOCKS = YES;
				GCC_WARN_64_TO_32_BIT_CONVERSION = YES;
				GCC_WARN_ABOUT_RETURN_TYPE = YES_ERROR;
				GCC_WARN_UNDECLARED_SELECTOR = YES;
				GCC_WARN_UNINITIALIZED_AUTOS = YES_AGGRESSIVE;
				GCC_WARN_UNUSED_FUNCTION = YES;
				GCC_WARN_UNUSED_VARIABLE = YES;
				PRODUCT_NAME = "$(TARGET_NAME)";
				SDKROOT = iphoneos;
				SWIFT_OPTIMIZATION_LEVEL = "-Owholemodule";
				SWIFT_VERSION = 4.2;
				VALIDATE_PRODUCT = YES;
			};
			name = Release;
		};
		BC_422CE206DCEC4EDAA358F8E38C3D023B /* Release */ = {
			isa = XCBuildConfiguration;
			baseConfigurationReference = 9CA18B40556EFECABB86BD59 /* Pods-CryptoSDKCocoaPodsExample.release.xcconfig */;
			buildSettings = {
				ALWAYS_EMBED_SWIFT_STANDARD_LIBRARIES = "$(inherited)";
				ASSETCATALOG_COMPILER_APPICON_NAME = AppIcon;
				CODE_SIGN_IDENTITY = "iPhone Developer";
				INFOPLIST_FILE = "Supporting Files/Info.plist";
				IPHONEOS_DEPLOYMENT_TARGET = 9.3;
				LD_RUNPATH_SEARCH_PATHS = "$(inherited) @executable_path/Frameworks";
				PRODUCT_BUNDLE_IDENTIFIER = "com.dracoon.crypto-example.CryptoSDKCocoaPodsExample";
				SDKROOT = iphoneos;
				TARGETED_DEVICE_FAMILY = "1,2";
			};
			name = Release;
		};
		BC_C3D9FE0A1B0E9A2FC4A0F04D60DB4160 /* Debug */ = {
			isa = XCBuildConfiguration;
			buildSettings = {
				ALWAYS_SEARCH_USER_PATHS = NO;
				CLANG_ANALYZER_NONNULL = YES;
				CLANG_ANALYZER_NUMBER_OBJECT_CONVERSION = YES_AGGRESSIVE;
				CLANG_CXX_LANGUAGE_STANDARD = "gnu++14";
				CLANG_CXX_LIBRARY = "libc++";
				CLANG_ENABLE_MODULES = YES;
				CLANG_ENABLE_OBJC_ARC = YES;
				CLANG_WARN_BLOCK_CAPTURE_AUTORELEASING = YES;
				CLANG_WARN_BOOL_CONVERSION = YES;
				CLANG_WARN_COMMA = YES;
				CLANG_WARN_CONSTANT_CONVERSION = YES;
				CLANG_WARN_DEPRECATED_OBJC_IMPLEMENTATIONS = YES;
				CLANG_WARN_DIRECT_OBJC_ISA_USAGE = YES_ERROR;
				CLANG_WARN_DOCUMENTATION_COMMENTS = YES;
				CLANG_WARN_EMPTY_BODY = YES;
				CLANG_WARN_ENUM_CONVERSION = YES;
				CLANG_WARN_INFINITE_RECURSION = YES;
				CLANG_WARN_INT_CONVERSION = YES;
				CLANG_WARN_NON_LITERAL_NULL_CONVERSION = YES;
				CLANG_WARN_OBJC_IMPLICIT_RETAIN_SELF = YES;
				CLANG_WARN_OBJC_LITERAL_CONVERSION = YES;
				CLANG_WARN_OBJC_ROOT_CLASS = YES_ERROR;
				CLANG_WARN_RANGE_LOOP_ANALYSIS = YES;
				CLANG_WARN_STRICT_PROTOTYPES = YES;
				CLANG_WARN_SUSPICIOUS_MOVE = YES;
				CLANG_WARN_UNGUARDED_AVAILABILITY = YES_AGGRESSIVE;
				CLANG_WARN_UNREACHABLE_CODE = YES;
				CLANG_WARN__DUPLICATE_METHOD_MATCH = YES;
				COPY_PHASE_STRIP = NO;
				DEBUG_INFORMATION_FORMAT = dwarf;
				ENABLE_STRICT_OBJC_MSGSEND = YES;
				ENABLE_TESTABILITY = YES;
				GCC_C_LANGUAGE_STANDARD = gnu11;
				GCC_DYNAMIC_NO_PIC = NO;
				GCC_NO_COMMON_BLOCKS = YES;
				GCC_OPTIMIZATION_LEVEL = 0;
				GCC_PREPROCESSOR_DEFINITIONS = (
					"$(inherited)",
					"DEBUG=1",
				);
				GCC_WARN_64_TO_32_BIT_CONVERSION = YES;
				GCC_WARN_ABOUT_RETURN_TYPE = YES_ERROR;
				GCC_WARN_UNDECLARED_SELECTOR = YES;
				GCC_WARN_UNINITIALIZED_AUTOS = YES_AGGRESSIVE;
				GCC_WARN_UNUSED_FUNCTION = YES;
				GCC_WARN_UNUSED_VARIABLE = YES;
				MTL_ENABLE_DEBUG_INFO = YES;
				ONLY_ACTIVE_ARCH = YES;
				PRODUCT_NAME = "$(TARGET_NAME)";
				SDKROOT = iphoneos;
				SWIFT_ACTIVE_COMPILATION_CONDITIONS = DEBUG;
				SWIFT_OPTIMIZATION_LEVEL = "-Onone";
				SWIFT_VERSION = 4.2;
			};
			name = Debug;
		};
/* End XCBuildConfiguration section */

/* Begin XCConfigurationList section */
		CL_0D4D43F39B635FC2165D472A0BECFDA6 /* Build configuration list for PBXProject "CryptoSDKCocoaPodsExample" */ = {
			isa = XCConfigurationList;
			buildConfigurations = (
				BC_C3D9FE0A1B0E9A2FC4A0F04D60DB4160 /* Debug */,
				BC_163DC544DC9F51630E6B0854B5C3A6FD /* Release */,
			);
			defaultConfigurationIsVisible = 0;
			defaultConfigurationName = Debug;
		};
		CL_EAA1CB7C26E9BD0484D24CE7F8BCEF50 /* Build configuration list for PBXNativeTarget "CryptoSDKCocoaPodsExample" */ = {
			isa = XCConfigurationList;
			buildConfigurations = (
				BC_029BF53905770270CBEB1178E2477B2C /* Debug */,
				BC_422CE206DCEC4EDAA358F8E38C3D023B /* Release */,
			);
			defaultConfigurationIsVisible = 0;
			defaultConfigurationName = "";
		};
/* End XCConfigurationList section */
	};
	rootObject = P_D87D308224189A7C3F3BF79D9D1915D4 /* Project object */;
}
